# THIS IS AN AUTOGENERATED FILE. DO NOT EDIT THIS FILE DIRECTLY.
# yarn lockfile v1


"@arr/every@^1.0.0":
  version "1.0.0"
  resolved "https://registry.yarnpkg.com/@arr/every/-/every-1.0.0.tgz#314f8168f50ae48a032cfdad5fdb436f464a97ac"

matchit@^1.0.6:
  version "1.0.6"
  resolved "https://registry.yarnpkg.com/matchit/-/matchit-1.0.6.tgz#825da06468bd324f0219ebe28e12a41bfb5524c4"
  dependencies:
    "@arr/every" "^1.0.0"

typescript@^2.9.2:
  version "2.9.2"
  resolved "https://registry.yarnpkg.com/typescript/-/typescript-2.9.2.tgz#1cbf61d05d6b96269244eb6a3bce4bd914e0f00c"
